
Microsoft Visual Studio Solution File, Format Version 12.00
# Visual Studio Version 17
VisualStudioVersion = 17.8.34330.188
MinimumVisualStudioVersion = 10.0.40219.1
Project("{9A19103F-16F7-4668-BE54-9A1E7A4F7556}") = "GA_LinkedList_Doubly_JonathanReed", "GA_LinkedList_Doubly_JonathanReed.csproj", "{BED46242-31E5-4117-AB6D-229E5EE49CC8}"
EndProject
Global
	GlobalSection(SolutionConfigurationPlatforms) = preSolution
		Debug|Any CPU = Debug|Any CPU
		Release|Any CPU = Release|Any CPU
	EndGlobalSection
	GlobalSection(ProjectConfigurationPlatforms) = postSolution
		{BED46242-31E5-4117-AB6D-229E5EE49CC8}.Debug|Any CPU.ActiveCfg = Debug|Any CPU
		{BED46242-31E5-4117-AB6D-229E5EE49CC8}.Debug|Any CPU.Build.0 = Debug|Any CPU
		{BED46242-31E5-4117-AB6D-229E5EE49CC8}.Release|Any CPU.ActiveCfg = Release|Any CPU
		{BED46242-31E5-4117-AB6D-229E5EE49CC8}.Release|Any CPU.Build.0 = Release|Any CPU
	EndGlobalSection
	GlobalSection(SolutionProperties) = preSolution
		HideSolutionNode = FALSE
	EndGlobalSection
	GlobalSection(ExtensibilityGlobals) = postSolution
		SolutionGuid = {FB3B8F13-4154-4783-881A-0654EA368016}
	EndGlobalSection
EndGlobal
